
Microsoft Visual Studio Solution File, Format Version 12.00
# Visual Studio Version 16
VisualStudioVersion = 16.0.32413.511
MinimumVisualStudioVersion = 10.0.40219.1
Project("{FAE04EC0-301F-11D3-BF4B-00C04F79EFBC}") = "Calc", "Calc\Calc.csproj", "{D8C38212-786C-4998-8F6E-6AE0DEA66D5A}"
EndProject
Global
	GlobalSection(SolutionConfigurationPlatforms) = preSolution
		Debug|Any CPU = Debug|Any CPU
		Release|Any CPU = Release|Any CPU
	EndGlobalSection
	GlobalSection(ProjectConfigurationPlatforms) = postSolution
		{D8C38212-786C-4998-8F6E-6AE0DEA66D5A}.Debug|Any CPU.ActiveCfg = Debug|Any CPU
		{D8C38212-786C-4998-8F6E-6AE0DEA66D5A}.Debug|Any CPU.Build.0 = Debug|Any CPU
		{D8C38212-786C-4998-8F6E-6AE0DEA66D5A}.Release|Any CPU.ActiveCfg = Release|Any CPU
		{D8C38212-786C-4998-8F6E-6AE0DEA66D5A}.Release|Any CPU.Build.0 = Release|Any CPU
	EndGlobalSection
	GlobalSection(SolutionProperties) = preSolution
		HideSolutionNode = FALSE
	EndGlobalSection
	GlobalSection(ExtensibilityGlobals) = postSolution
		SolutionGuid = {1936B6D6-9920-49C6-A838-2C6B1ED7B63E}
	EndGlobalSection
EndGlobal
